// !$*UTF8*$!
{
	archiveVersion = 1;
	classes = {
	};
	objectVersion = 77;
	objects = {

/* Begin PBXContainerItemProxy section */
		BCBA871F2D95D24B00C0AB46 /* PBXContainerItemProxy */ = {
			isa = PBXContainerItemProxy;
			containerPortal = BCBA86FD2D95D24900C0AB46 /* Project object */;
			proxyType = 1;
			remoteGlobalIDString = BCBA87042D95D24900C0AB46;
			remoteInfo = twothree;
		};
		BCBA87292D95D24B00C0AB46 /* PBXContainerItemProxy */ = {
			isa = PBXContainerItemProxy;
			containerPortal = BCBA86FD2D95D24900C0AB46 /* Project object */;
			proxyType = 1;
			remoteGlobalIDString = BCBA87042D95D24900C0AB46;
			remoteInfo = twothree;
		};
/* End PBXContainerItemProxy section */

/* Begin PBXFileReference section */
		BCBA87052D95D24900C0AB46 /* twothree.app */ = {isa = PBXFileReference; explicitFileType = wrapper.application; includeInIndex = 0; path = twothree.app; sourceTree = BUILT_PRODUCTS_DIR; };
		BCBA871E2D95D24B00C0AB46 /* twothreeTests.xctest */ = {isa = PBXFileReference; explicitFileType = wrapper.cfbundle; includeInIndex = 0; path = twothreeTests.xctest; sourceTree = BUILT_PRODUCTS_DIR; };
		BCBA87282D95D24B00C0AB46 /* twothreeUITests.xctest */ = {isa = PBXFileReference; explicitFileType = wrapper.cfbundle; includeInIndex = 0; path = twothreeUITests.xctest; sourceTree = BUILT_PRODUCTS_DIR; };
/* End PBXFileReference section */

/* Begin PBXFileSystemSynchronizedRootGroup section */
		BCBA87072D95D24900C0AB46 /* twothree */ = {
			isa = PBXFileSystemSynchronizedRootGroup;
			path = twothree;
			sourceTree = "<group>";
		};
		BCBA87212D95D24B00C0AB46 /* twothreeTests */ = {
			isa = PBXFileSystemSynchronizedRootGroup;
			path = twothreeTests;
			sourceTree = "<group>";
		};
		BCBA872B2D95D24B00C0AB46 /* twothreeUITests */ = {
			isa = PBXFileSystemSynchronizedRootGroup;
			path = twothreeUITests;
			sourceTree = "<group>";
		};
/* End PBXFileSystemSynchronizedRootGroup section */

/* Begin PBXFrameworksBuildPhase section */
		BCBA87022D95D24900C0AB46 /* Frameworks */ = {
			isa = PBXFrameworksBuildPhase;
			buildActionMask = 2147483647;
			files = (
			);
			runOnlyForDeploymentPostprocessing = 0;
		};
		BCBA871B2D95D24B00C0AB46 /* Frameworks */ = {
			isa = PBXFrameworksBuildPhase;
			buildActionMask = 2147483647;
			files = (
			);
			runOnlyForDeploymentPostprocessing = 0;
		};
		BCBA87252D95D24B00C0AB46 /* Frameworks */ = {
			isa = PBXFrameworksBuildPhase;
			buildActionMask = 2147483647;
			files = (
			);
			runOnlyForDeploymentPostprocessing = 0;
		};
/* End PBXFrameworksBuildPhase section */

/* Begin PBXGroup section */
		BCBA86FC2D95D24900C0AB46 = {
			isa = PBXGroup;
			children = (
				BCBA87072D95D24900C0AB46 /* twothree */,
				BCBA87212D95D24B00C0AB46 /* twothreeTests */,
				BCBA872B2D95D24B00C0AB46 /* twothreeUITests */,
				BCBA87062D95D24900C0AB46 /* Products */,
			);
			sourceTree = "<group>";
		};
		BCBA87062D95D24900C0AB46 /* Products */ = {
			isa = PBXGroup;
			children = (
				BCBA87052D95D24900C0AB46 /* twothree.app */,
				BCBA871E2D95D24B00C0AB46 /* twothreeTests.xctest */,
				BCBA87282D95D24B00C0AB46 /* twothreeUITests.xctest */,
			);
			name = Products;
			sourceTree = "<group>";
		};
/* End PBXGroup section */

/* Begin PBXNativeTarget section */
		BCBA87042D95D24900C0AB46 /* twothree */ = {
			isa = PBXNativeTarget;
			buildConfigurationList = BCBA87322D95D24B00C0AB46 /* Build configuration list for PBXNativeTarget "twothree" */;
			buildPhases = (
				BCBA87012D95D24900C0AB46 /* Sources */,
				BCBA87022D95D24900C0AB46 /* Frameworks */,
				BCBA87032D95D24900C0AB46 /* Resources */,
			);
			buildRules = (
			);
			dependencies = (
			);
			fileSystemSynchronizedGroups = (
				BCBA87072D95D24900C0AB46 /* twothree */,
			);
			name = twothree;
			packageProductDependencies = (
			);
			productName = twothree;
			productReference = BCBA87052D95D24900C0AB46 /* twothree.app */;
			productType = "com.apple.product-type.application";
		};
		BCBA871D2D95D24B00C0AB46 /* twothreeTests */ = {
			isa = PBXNativeTarget;
			buildConfigurationList = BCBA87352D95D24B00C0AB46 /* Build configuration list for PBXNativeTarget "twothreeTests" */;
			buildPhases = (
				BCBA871A2D95D24B00C0AB46 /* Sources */,
				BCBA871B2D95D24B00C0AB46 /* Frameworks */,
				BCBA871C2D95D24B00C0AB46 /* Resources */,
			);
			buildRules = (
			);
			dependencies = (
				BCBA87202D95D24B00C0AB46 /* PBXTargetDependency */,
			);
			fileSystemSynchronizedGroups = (
				BCBA87212D95D24B00C0AB46 /* twothreeTests */,
			);
			name = twothreeTests;
			packageProductDependencies = (
			);
			productName = twothreeTests;
			productReference = BCBA871E2D95D24B00C0AB46 /* twothreeTests.xctest */;
			productType = "com.apple.product-type.bundle.unit-test";
		};
		BCBA87272D95D24B00C0AB46 /* twothreeUITests */ = {
			isa = PBXNativeTarget;
			buildConfigurationList = BCBA87382D95D24B00C0AB46 /* Build configuration list for PBXNativeTarget "twothreeUITests" */;
			buildPhases = (
				BCBA87242D95D24B00C0AB46 /* Sources */,
				BCBA87252D95D24B00C0AB46 /* Frameworks */,
				BCBA87262D95D24B00C0AB46 /* Resources */,
			);
			buildRules = (
			);
			dependencies = (
				BCBA872A2D95D24B00C0AB46 /* PBXTargetDependency */,
			);
			fileSystemSynchronizedGroups = (
				BCBA872B2D95D24B00C0AB46 /* twothreeUITests */,
			);
			name = twothreeUITests;
			packageProductDependencies = (
			);
			productName = twothreeUITests;
			productReference = BCBA87282D95D24B00C0AB46 /* twothreeUITests.xctest */;
			productType = "com.apple.product-type.bundle.ui-testing";
		};
/* End PBXNativeTarget section */

/* Begin PBXProject section */
		BCBA86FD2D95D24900C0AB46 /* Project object */ = {
			isa = PBXProject;
			attributes = {
				BuildIndependentTargetsInParallel = 1;
				LastSwiftUpdateCheck = 1620;
				LastUpgradeCheck = 1620;
				TargetAttributes = {
					BCBA87042D95D24900C0AB46 = {
						CreatedOnToolsVersion = 16.2;
					};
					BCBA871D2D95D24B00C0AB46 = {
						CreatedOnToolsVersion = 16.2;
						TestTargetID = BCBA87042D95D24900C0AB46;
					};
					BCBA87272D95D24B00C0AB46 = {
						CreatedOnToolsVersion = 16.2;
						TestTargetID = BCBA87042D95D24900C0AB46;
					};
				};
			};
			buildConfigurationList = BCBA87002D95D24900C0AB46 /* Build configuration list for PBXProject "twothree" */;
			developmentRegion = en;
			hasScannedForEncodings = 0;
			knownRegions = (
				en,
				Base,
			);
			mainGroup = BCBA86FC2D95D24900C0AB46;
			minimizedProjectReferenceProxies = 1;
			preferredProjectObjectVersion = 77;
			productRefGroup = BCBA87062D95D24900C0AB46 /* Products */;
			projectDirPath = "";
			projectRoot = "";
			targets = (
				BCBA87042D95D24900C0AB46 /* twothree */,
				BCBA871D2D95D24B00C0AB46 /* twothreeTests */,
				BCBA87272D95D24B00C0AB46 /* twothreeUITests */,
			);
		};
/* End PBXProject section */

/* Begin PBXResourcesBuildPhase section */
		BCBA87032D95D24900C0AB46 /* Resources */ = {
			isa = PBXResourcesBuildPhase;
			buildActionMask = 2147483647;
			files = (
			);
			runOnlyForDeploymentPostprocessing = 0;
		};
		BCBA871C2D95D24B00C0AB46 /* Resources */ = {
			isa = PBXResourcesBuildPhase;
			buildActionMask = 2147483647;
			files = (
			);
			runOnlyForDeploymentPostprocessing = 0;
		};
		BCBA87262D95D24B00C0AB46 /* Resources */ = {
			isa = PBXResourcesBuildPhase;
			buildActionMask = 2147483647;
			files = (
			);
			runOnlyForDeploymentPostprocessing = 0;
		};
/* End PBXResourcesBuildPhase section */

/* Begin PBXSourcesBuildPhase section */
		BCBA87012D95D24900C0AB46 /* Sources */ = {
			isa = PBXSourcesBuildPhase;
			buildActionMask = 2147483647;
			files = (
			);
			runOnlyForDeploymentPostprocessing = 0;
		};
		BCBA871A2D95D24B00C0AB46 /* Sources */ = {
			isa = PBXSourcesBuildPhase;
			buildActionMask = 2147483647;
			files = (
			);
			runOnlyForDeploymentPostprocessing = 0;
		};
		BCBA87242D95D24B00C0AB46 /* Sources */ = {
			isa = PBXSourcesBuildPhase;
			buildActionMask = 2147483647;
			files = (
			);
			runOnlyForDeploymentPostprocessing = 0;
		};
/* End PBXSourcesBuildPhase section */

/* Begin PBXTargetDependency section */
		BCBA87202D95D24B00C0AB46 /* PBXTargetDependency */ = {
			isa = PBXTargetDependency;
			target = BCBA87042D95D24900C0AB46 /* twothree */;
			targetProxy = BCBA871F2D95D24B00C0AB46 /* PBXContainerItemProxy */;
		};
		BCBA872A2D95D24B00C0AB46 /* PBXTargetDependency */ = {
			isa = PBXTargetDependency;
			target = BCBA87042D95D24900C0AB46 /* twothree */;
			targetProxy = BCBA87292D95D24B00C0AB46 /* PBXContainerItemProxy */;
		};
/* End PBXTargetDependency section */

/* Begin XCBuildConfiguration section */
		BCBA87302D95D24B00C0AB46 /* Debug */ = {
			isa = XCBuildConfiguration;
			buildSettings = {
				ALWAYS_SEARCH_USER_PATHS = NO;
				ASSETCATALOG_COMPILER_GENERATE_SWIFT_ASSET_SYMBOL_EXTENSIONS = YES;
				CLANG_ANALYZER_NONNULL = YES;
				CLANG_ANALYZER_NUMBER_OBJECT_CONVERSION = YES_AGGRESSIVE;
				CLANG_CXX_LANGUAGE_STANDARD = "gnu++20";
				CLANG_ENABLE_MODULES = YES;
				CLANG_ENABLE_OBJC_ARC = YES;
				CLANG_ENABLE_OBJC_WEAK = YES;
				CLANG_WARN_BLOCK_CAPTURE_AUTORELEASING = YES;
				CLANG_WARN_BOOL_CONVERSION = YES;
				CLANG_WARN_COMMA = YES;
				CLANG_WARN_CONSTANT_CONVERSION = YES;
				CLANG_WARN_DEPRECATED_OBJC_IMPLEMENTATIONS = YES;
				CLANG_WARN_DIRECT_OBJC_ISA_USAGE = YES_ERROR;
				CLANG_WARN_DOCUMENTATION_COMMENTS = YES;
				CLANG_WARN_EMPTY_BODY = YES;
				CLANG_WARN_ENUM_CONVERSION = YES;
				CLANG_WARN_INFINITE_RECURSION = YES;
				CLANG_WARN_INT_CONVERSION = YES;
				CLANG_WARN_NON_LITERAL_NULL_CONVERSION = YES;
				CLANG_WARN_OBJC_IMPLICIT_RETAIN_SELF = YES;
				CLANG_WARN_OBJC_LITERAL_CONVERSION = YES;
				CLANG_WARN_OBJC_ROOT_CLASS = YES_ERROR;
				CLANG_WARN_QUOTED_INCLUDE_IN_FRAMEWORK_HEADER = YES;
				CLANG_WARN_RANGE_LOOP_ANALYSIS = YES;
				CLANG_WARN_STRICT_PROTOTYPES = YES;
				CLANG_WARN_SUSPICIOUS_MOVE = YES;
				CLANG_WARN_UNGUARDED_AVAILABILITY = YES_AGGRESSIVE;
				CLANG_WARN_UNREACHABLE_CODE = YES;
				CLANG_WARN__DUPLICATE_METHOD_MATCH = YES;
				COPY_PHASE_STRIP = NO;
				DEBUG_INFORMATION_FORMAT = dwarf;
				ENABLE_STRICT_OBJC_MSGSEND = YES;
				ENABLE_TESTABILITY = YES;
				ENABLE_USER_SCRIPT_SANDBOXING = YES;
				GCC_C_LANGUAGE_STANDARD = gnu17;
				GCC_DYNAMIC_NO_PIC = NO;
				GCC_NO_COMMON_BLOCKS = YES;
				GCC_OPTIMIZATION_LEVEL = 0;
				GCC_PREPROCESSOR_DEFINITIONS = (
					"DEBUG=1",
					"$(inherited)",
				);
				GCC_WARN_64_TO_32_BIT_CONVERSION = YES;
				GCC_WARN_ABOUT_RETURN_TYPE = YES_ERROR;
				GCC_WARN_UNDECLARED_SELECTOR = YES;
				GCC_WARN_UNINITIALIZED_AUTOS = YES_AGGRESSIVE;
				GCC_WARN_UNUSED_FUNCTION = YES;
				GCC_WARN_UNUSED_VARIABLE = YES;
				IPHONEOS_DEPLOYMENT_TARGET = 18.2;
				LOCALIZATION_PREFERS_STRING_CATALOGS = YES;
				MTL_ENABLE_DEBUG_INFO = INCLUDE_SOURCE;
				MTL_FAST_MATH = YES;
				ONLY_ACTIVE_ARCH = YES;
				SDKROOT = iphoneos;
				SWIFT_ACTIVE_COMPILATION_CONDITIONS = "DEBUG $(inherited)";
				SWIFT_OPTIMIZATION_LEVEL = "-Onone";
			};
			name = Debug;
		};
		BCBA87312D95D24B00C0AB46 /* Release */ = {
			isa = XCBuildConfiguration;
			buildSettings = {
				ALWAYS_SEARCH_USER_PATHS = NO;
				ASSETCATALOG_COMPILER_GENERATE_SWIFT_ASSET_SYMBOL_EXTENSIONS = YES;
				CLANG_ANALYZER_NONNULL = YES;
				CLANG_ANALYZER_NUMBER_OBJECT_CONVERSION = YES_AGGRESSIVE;
				CLANG_CXX_LANGUAGE_STANDARD = "gnu++20";
				CLANG_ENABLE_MODULES = YES;
				CLANG_ENABLE_OBJC_ARC = YES;
				CLANG_ENABLE_OBJC_WEAK = YES;
				CLANG_WARN_BLOCK_CAPTURE_AUTORELEASING = YES;
				CLANG_WARN_BOOL_CONVERSION = YES;
				CLANG_WARN_COMMA = YES;
				CLANG_WARN_CONSTANT_CONVERSION = YES;
				CLANG_WARN_DEPRECATED_OBJC_IMPLEMENTATIONS = YES;
				CLANG_WARN_DIRECT_OBJC_ISA_USAGE = YES_ERROR;
				CLANG_WARN_DOCUMENTATION_COMMENTS = YES;
				CLANG_WARN_EMPTY_BODY = YES;
				CLANG_WARN_ENUM_CONVERSION = YES;
				CLANG_WARN_INFINITE_RECURSION = YES;
				CLANG_WARN_INT_CONVERSION = YES;
				CLANG_WARN_NON_LITERAL_NULL_CONVERSION = YES;
				CLANG_WARN_OBJC_IMPLICIT_RETAIN_SELF = YES;
				CLANG_WARN_OBJC_LITERAL_CONVERSION = YES;
				CLANG_WARN_OBJC_ROOT_CLASS = YES_ERROR;
				CLANG_WARN_QUOTED_INCLUDE_IN_FRAMEWORK_HEADER = YES;
				CLANG_WARN_RANGE_LOOP_ANALYSIS = YES;
				CLANG_WARN_STRICT_PROTOTYPES = YES;
				CLANG_WARN_SUSPICIOUS_MOVE = YES;
				CLANG_WARN_UNGUARDED_AVAILABILITY = YES_AGGRESSIVE;
				CLANG_WARN_UNREACHABLE_CODE = YES;
				CLANG_WARN__DUPLICATE_METHOD_MATCH = YES;
				COPY_PHASE_STRIP = NO;
				DEBUG_INFORMATION_FORMAT = "dwarf-with-dsym";
				ENABLE_NS_ASSERTIONS = NO;
				ENABLE_STRICT_OBJC_MSGSEND = YES;
				ENABLE_USER_SCRIPT_SANDBOXING = YES;
				GCC_C_LANGUAGE_STANDARD = gnu17;
				GCC_NO_COMMON_BLOCKS = YES;
				GCC_WARN_64_TO_32_BIT_CONVERSION = YES;
				GCC_WARN_ABOUT_RETURN_TYPE = YES_ERROR;
				GCC_WARN_UNDECLARED_SELECTOR = YES;
				GCC_WARN_UNINITIALIZED_AUTOS = YES_AGGRESSIVE;
				GCC_WARN_UNUSED_FUNCTION = YES;
				GCC_WARN_UNUSED_VARIABLE = YES;
				IPHONEOS_DEPLOYMENT_TARGET = 18.2;
				LOCALIZATION_PREFERS_STRING_CATALOGS = YES;
				MTL_ENABLE_DEBUG_INFO = NO;
				MTL_FAST_MATH = YES;
				SDKROOT = iphoneos;
				SWIFT_COMPILATION_MODE = wholemodule;
				VALIDATE_PRODUCT = YES;
			};
			name = Release;
		};
		BCBA87332D95D24B00C0AB46 /* Debug */ = {
			isa = XCBuildConfiguration;
			buildSettings = {
				ASSETCATALOG_COMPILER_APPICON_NAME = AppIcon;
				ASSETCATALOG_COMPILER_GLOBAL_ACCENT_COLOR_NAME = AccentColor;
				CODE_SIGN_STYLE = Automatic;
				CURRENT_PROJECT_VERSION = 1;
				DEVELOPMENT_TEAM = 77CH8R7856;
				GENERATE_INFOPLIST_FILE = YES;
				INFOPLIST_KEY_UIApplicationSupportsIndirectInputEvents = YES;
				INFOPLIST_KEY_UILaunchStoryboardName = LaunchScreen;
				INFOPLIST_KEY_UIMainStoryboardFile = Main;
				INFOPLIST_KEY_UIStatusBarHidden = YES;
				INFOPLIST_KEY_UISupportedInterfaceOrientations_iPad = "UIInterfaceOrientationPortrait UIInterfaceOrientationPortraitUpsideDown UIInterfaceOrientationLandscapeLeft UIInterfaceOrientationLandscapeRight";
				INFOPLIST_KEY_UISupportedInterfaceOrientations_iPhone = "UIInterfaceOrientationPortrait UIInterfaceOrientationLandscapeLeft UIInterfaceOrientationLandscapeRight";
				LD_RUNPATH_SEARCH_PATHS = (
					"$(inherited)",
					"@executable_path/Frameworks",
				);
				MARKETING_VERSION = 1.0;
				PRODUCT_BUNDLE_IDENTIFIER = com.sunilkamat.twothree;
				PRODUCT_NAME = "$(TARGET_NAME)";
				SWIFT_EMIT_LOC_STRINGS = YES;
				SWIFT_VERSION = 5.0;
				TARGETED_DEVICE_FAMILY = "1,2";
			};
			name = Debug;
		};
		BCBA87342D95D24B00C0AB46 /* Release */ = {
			isa = XCBuildConfiguration;
			buildSettings = {
				ASSETCATALOG_COMPILER_APPICON_NAME = AppIcon;
				ASSETCATALOG_COMPILER_GLOBAL_ACCENT_COLOR_NAME = AccentColor;
				CODE_SIGN_STYLE = Automatic;
				CURRENT_PROJECT_VERSION = 1;
				DEVELOPMENT_TEAM = 77CH8R7856;
				GENERATE_INFOPLIST_FILE = YES;
				INFOPLIST_KEY_UIApplicationSupportsIndirectInputEvents = YES;
				INFOPLIST_KEY_UILaunchStoryboardName = LaunchScreen;
				INFOPLIST_KEY_UIMainStoryboardFile = Main;
				INFOPLIST_KEY_UIStatusBarHidden = YES;
				INFOPLIST_KEY_UISupportedInterfaceOrientations_iPad = "UIInterfaceOrientationPortrait UIInterfaceOrientationPortraitUpsideDown UIInterfaceOrientationLandscapeLeft UIInterfaceOrientationLandscapeRight";
				INFOPLIST_KEY_UISupportedInterfaceOrientations_iPhone = "UIInterfaceOrientationPortrait UIInterfaceOrientationLandscapeLeft UIInterfaceOrientationLandscapeRight";
				LD_RUNPATH_SEARCH_PATHS = (
					"$(inherited)",
					"@executable_path/Frameworks",
				);
				MARKETING_VERSION = 1.0;
				PRODUCT_BUNDLE_IDENTIFIER = com.sunilkamat.twothree;
				PRODUCT_NAME = "$(TARGET_NAME)";
				SWIFT_EMIT_LOC_STRINGS = YES;
				SWIFT_VERSION = 5.0;
				TARGETED_DEVICE_FAMILY = "1,2";
			};
			name = Release;
		};
		BCBA87362D95D24B00C0AB46 /* Debug */ = {
			isa = XCBuildConfiguration;
			buildSettings = {
				BUNDLE_LOADER = "$(TEST_HOST)";
				CODE_SIGN_STYLE = Automatic;
				CURRENT_PROJECT_VERSION = 1;
				DEVELOPMENT_TEAM = 77CH8R7856;
				GENERATE_INFOPLIST_FILE = YES;
				IPHONEOS_DEPLOYMENT_TARGET = 18.2;
				MARKETING_VERSION = 1.0;
				PRODUCT_BUNDLE_IDENTIFIER = com.sunilkamat.twothreeTests;
				PRODUCT_NAME = "$(TARGET_NAME)";
				SWIFT_EMIT_LOC_STRINGS = NO;
				SWIFT_VERSION = 5.0;
				TARGETED_DEVICE_FAMILY = "1,2";
				TEST_HOST = "$(BUILT_PRODUCTS_DIR)/twothree.app/$(BUNDLE_EXECUTABLE_FOLDER_PATH)/twothree";
			};
			name = Debug;
		};
		BCBA87372D95D24B00C0AB46 /* Release */ = {
			isa = XCBuildConfiguration;
			buildSettings = {
				BUNDLE_LOADER = "$(TEST_HOST)";
				CODE_SIGN_STYLE = Automatic;
				CURRENT_PROJECT_VERSION = 1;
				DEVELOPMENT_TEAM = 77CH8R7856;
				GENERATE_INFOPLIST_FILE = YES;
				IPHONEOS_DEPLOYMENT_TARGET = 18.2;
				MARKETING_VERSION = 1.0;
				PRODUCT_BUNDLE_IDENTIFIER = com.sunilkamat.twothreeTests;
				PRODUCT_NAME = "$(TARGET_NAME)";
				SWIFT_EMIT_LOC_STRINGS = NO;
				SWIFT_VERSION = 5.0;
				TARGETED_DEVICE_FAMILY = "1,2";
				TEST_HOST = "$(BUILT_PRODUCTS_DIR)/twothree.app/$(BUNDLE_EXECUTABLE_FOLDER_PATH)/twothree";
			};
			name = Release;
		};
		BCBA87392D95D24B00C0AB46 /* Debug */ = {
			isa = XCBuildConfiguration;
			buildSettings = {
				CODE_SIGN_STYLE = Automatic;
				CURRENT_PROJECT_VERSION = 1;
				DEVELOPMENT_TEAM = 77CH8R7856;
				GENERATE_INFOPLIST_FILE = YES;
				MARKETING_VERSION = 1.0;
				PRODUCT_BUNDLE_IDENTIFIER = com.sunilkamat.twothreeUITests;
				PRODUCT_NAME = "$(TARGET_NAME)";
				SWIFT_EMIT_LOC_STRINGS = NO;
				SWIFT_VERSION = 5.0;
				TARGETED_DEVICE_FAMILY = "1,2";
				TEST_TARGET_NAME = twothree;
			};
			name = Debug;
		};
		BCBA873A2D95D24B00C0AB46 /* Release */ = {
			isa = XCBuildConfiguration;
			buildSettings = {
				CODE_SIGN_STYLE = Automatic;
				CURRENT_PROJECT_VERSION = 1;
				DEVELOPMENT_TEAM = 77CH8R7856;
				GENERATE_INFOPLIST_FILE = YES;
				MARKETING_VERSION = 1.0;
				PRODUCT_BUNDLE_IDENTIFIER = com.sunilkamat.twothreeUITests;
				PRODUCT_NAME = "$(TARGET_NAME)";
				SWIFT_EMIT_LOC_STRINGS = NO;
				SWIFT_VERSION = 5.0;
				TARGETED_DEVICE_FAMILY = "1,2";
				TEST_TARGET_NAME = twothree;
			};
			name = Release;
		};
/* End XCBuildConfiguration section */

/* Begin XCConfigurationList section */
		BCBA87002D95D24900C0AB46 /* Build configuration list for PBXProject "twothree" */ = {
			isa = XCConfigurationList;
			buildConfigurations = (
				BCBA87302D95D24B00C0AB46 /* Debug */,
				BCBA87312D95D24B00C0AB46 /* Release */,
			);
			defaultConfigurationIsVisible = 0;
			defaultConfigurationName = Release;
		};
		BCBA87322D95D24B00C0AB46 /* Build configuration list for PBXNativeTarget "twothree" */ = {
			isa = XCConfigurationList;
			buildConfigurations = (
				BCBA87332D95D24B00C0AB46 /* Debug */,
				BCBA87342D95D24B00C0AB46 /* Release */,
			);
			defaultConfigurationIsVisible = 0;
			defaultConfigurationName = Release;
		};
		BCBA87352D95D24B00C0AB46 /* Build configuration list for PBXNativeTarget "twothreeTests" */ = {
			isa = XCConfigurationList;
			buildConfigurations = (
				BCBA87362D95D24B00C0AB46 /* Debug */,
				BCBA87372D95D24B00C0AB46 /* Release */,
			);
			defaultConfigurationIsVisible = 0;
			defaultConfigurationName = Release;
		};
		BCBA87382D95D24B00C0AB46 /* Build configuration list for PBXNativeTarget "twothreeUITests" */ = {
			isa = XCConfigurationList;
			buildConfigurations = (
				BCBA87392D95D24B00C0AB46 /* Debug */,
				BCBA873A2D95D24B00C0AB46 /* Release */,
			);
			defaultConfigurationIsVisible = 0;
			defaultConfigurationName = Release;
		};
/* End XCConfigurationList section */
	};
	rootObject = BCBA86FD2D95D24900C0AB46 /* Project object */;
}
